
Microsoft Visual Studio Solution File, Format Version 12.00
# Visual Studio Version 17
VisualStudioVersion = 17.4.32804.182
MinimumVisualStudioVersion = 10.0.40219.1
Project("{FAE04EC0-301F-11D3-BF4B-00C04F79EFBC}") = "KeysShop.Server", "KeysShop\Server\KeysShop.Server.csproj", "{893F9040-F702-43E7-BF3A-2FE8DC8A5259}"
EndProject
Project("{FAE04EC0-301F-11D3-BF4B-00C04F79EFBC}") = "KeysShop.Client", "KeysShop\Client\KeysShop.Client.csproj", "{3DFCA296-8219-4F29-B6B6-6FECB00DB6B8}"
EndProject
Project("{FAE04EC0-301F-11D3-BF4B-00C04F79EFBC}") = "KeysShop.Shared", "KeysShop\Shared\KeysShop.Shared.csproj", "{2872E48B-7082-4636-813A-24D4FDC6C7C2}"
EndProject
Global
	GlobalSection(SolutionConfigurationPlatforms) = preSolution
		Debug|Any CPU = Debug|Any CPU
		Release|Any CPU = Release|Any CPU
	EndGlobalSection
	GlobalSection(ProjectConfigurationPlatforms) = postSolution
		{893F9040-F702-43E7-BF3A-2FE8DC8A5259}.Debug|Any CPU.ActiveCfg = Debug|Any CPU
		{893F9040-F702-43E7-BF3A-2FE8DC8A5259}.Debug|Any CPU.Build.0 = Debug|Any CPU
		{893F9040-F702-43E7-BF3A-2FE8DC8A5259}.Release|Any CPU.ActiveCfg = Release|Any CPU
		{893F9040-F702-43E7-BF3A-2FE8DC8A5259}.Release|Any CPU.Build.0 = Release|Any CPU
		{3DFCA296-8219-4F29-B6B6-6FECB00DB6B8}.Debug|Any CPU.ActiveCfg = Debug|Any CPU
		{3DFCA296-8219-4F29-B6B6-6FECB00DB6B8}.Debug|Any CPU.Build.0 = Debug|Any CPU
		{3DFCA296-8219-4F29-B6B6-6FECB00DB6B8}.Release|Any CPU.ActiveCfg = Release|Any CPU
		{3DFCA296-8219-4F29-B6B6-6FECB00DB6B8}.Release|Any CPU.Build.0 = Release|Any CPU
		{2872E48B-7082-4636-813A-24D4FDC6C7C2}.Debug|Any CPU.ActiveCfg = Debug|Any CPU
		{2872E48B-7082-4636-813A-24D4FDC6C7C2}.Debug|Any CPU.Build.0 = Debug|Any CPU
		{2872E48B-7082-4636-813A-24D4FDC6C7C2}.Release|Any CPU.ActiveCfg = Release|Any CPU
		{2872E48B-7082-4636-813A-24D4FDC6C7C2}.Release|Any CPU.Build.0 = Release|Any CPU
	EndGlobalSection
	GlobalSection(SolutionProperties) = preSolution
		HideSolutionNode = FALSE
	EndGlobalSection
	GlobalSection(ExtensibilityGlobals) = postSolution
		SolutionGuid = {1188849A-5715-4A4A-A9F9-A7F3654C1234}
	EndGlobalSection
EndGlobal
